
Microsoft Visual Studio Solution File, Format Version 12.00
# Visual Studio Version 17
VisualStudioVersion = 17.9.34728.123
MinimumVisualStudioVersion = 10.0.40219.1
Project("{FAE04EC0-301F-11D3-BF4B-00C04F79EFBC}") = "CustomRouteHandler", "CustomRouteHandler\CustomRouteHandler.csproj", "{71B24B97-EF7E-464D-9DF9-69FEAE081EAC}"
EndProject
Global
	GlobalSection(SolutionConfigurationPlatforms) = preSolution
		Debug|Any CPU = Debug|Any CPU
		Release|Any CPU = Release|Any CPU
	EndGlobalSection
	GlobalSection(ProjectConfigurationPlatforms) = postSolution
		{71B24B97-EF7E-464D-9DF9-69FEAE081EAC}.Debug|Any CPU.ActiveCfg = Debug|Any CPU
		{71B24B97-EF7E-464D-9DF9-69FEAE081EAC}.Debug|Any CPU.Build.0 = Debug|Any CPU
		{71B24B97-EF7E-464D-9DF9-69FEAE081EAC}.Release|Any CPU.ActiveCfg = Release|Any CPU
		{71B24B97-EF7E-464D-9DF9-69FEAE081EAC}.Release|Any CPU.Build.0 = Release|Any CPU
	EndGlobalSection
	GlobalSection(SolutionProperties) = preSolution
		HideSolutionNode = FALSE
	EndGlobalSection
	GlobalSection(ExtensibilityGlobals) = postSolution
		SolutionGuid = {5675FE31-2D05-4D12-9951-FFC21F21B0F5}
	EndGlobalSection
EndGlobal
